
Microsoft Visual Studio Solution File, Format Version 12.00
# Visual Studio Version 17
VisualStudioVersion = 17.13.35931.197
MinimumVisualStudioVersion = 10.0.40219.1
Project("{FAE04EC0-301F-11D3-BF4B-00C04F79EFBC}") = "01_MainSubjects", "01_MainSubjects\01_MainSubjects.csproj", "{4170CC6D-D89E-4D4B-B248-BC4A8C0AA87C}"
EndProject
Project("{FAE04EC0-301F-11D3-BF4B-00C04F79EFBC}") = "02_Variables", "02_Variables\02_Variables.csproj", "{3CFF955A-01C5-476D-8EFC-B05C5973A89D}"
EndProject
Project("{FAE04EC0-301F-11D3-BF4B-00C04F79EFBC}") = "03_MakingDecision", "03_MakingDecision\03_MakingDecision.csproj", "{46DC4BC6-54DC-479C-9AC0-1A4904D96F0E}"
EndProject
Project("{FAE04EC0-301F-11D3-BF4B-00C04F79EFBC}") = "04_Loops", "04_Loops\04_Loops.csproj", "{7B6DEB4C-007C-465F-B2EB-6FF93400F3A3}"
EndProject
Global
	GlobalSection(SolutionConfigurationPlatforms) = preSolution
		Debug|Any CPU = Debug|Any CPU
		Release|Any CPU = Release|Any CPU
	EndGlobalSection
	GlobalSection(ProjectConfigurationPlatforms) = postSolution
		{4170CC6D-D89E-4D4B-B248-BC4A8C0AA87C}.Debug|Any CPU.ActiveCfg = Debug|Any CPU
		{4170CC6D-D89E-4D4B-B248-BC4A8C0AA87C}.Debug|Any CPU.Build.0 = Debug|Any CPU
		{4170CC6D-D89E-4D4B-B248-BC4A8C0AA87C}.Release|Any CPU.ActiveCfg = Release|Any CPU
		{4170CC6D-D89E-4D4B-B248-BC4A8C0AA87C}.Release|Any CPU.Build.0 = Release|Any CPU
		{3CFF955A-01C5-476D-8EFC-B05C5973A89D}.Debug|Any CPU.ActiveCfg = Debug|Any CPU
		{3CFF955A-01C5-476D-8EFC-B05C5973A89D}.Debug|Any CPU.Build.0 = Debug|Any CPU
		{3CFF955A-01C5-476D-8EFC-B05C5973A89D}.Release|Any CPU.ActiveCfg = Release|Any CPU
		{3CFF955A-01C5-476D-8EFC-B05C5973A89D}.Release|Any CPU.Build.0 = Release|Any CPU
		{46DC4BC6-54DC-479C-9AC0-1A4904D96F0E}.Debug|Any CPU.ActiveCfg = Debug|Any CPU
		{46DC4BC6-54DC-479C-9AC0-1A4904D96F0E}.Debug|Any CPU.Build.0 = Debug|Any CPU
		{46DC4BC6-54DC-479C-9AC0-1A4904D96F0E}.Release|Any CPU.ActiveCfg = Release|Any CPU
		{46DC4BC6-54DC-479C-9AC0-1A4904D96F0E}.Release|Any CPU.Build.0 = Release|Any CPU
		{7B6DEB4C-007C-465F-B2EB-6FF93400F3A3}.Debug|Any CPU.ActiveCfg = Debug|Any CPU
		{7B6DEB4C-007C-465F-B2EB-6FF93400F3A3}.Debug|Any CPU.Build.0 = Debug|Any CPU
		{7B6DEB4C-007C-465F-B2EB-6FF93400F3A3}.Release|Any CPU.ActiveCfg = Release|Any CPU
		{7B6DEB4C-007C-465F-B2EB-6FF93400F3A3}.Release|Any CPU.Build.0 = Release|Any CPU
	EndGlobalSection
	GlobalSection(SolutionProperties) = preSolution
		HideSolutionNode = FALSE
	EndGlobalSection
	GlobalSection(ExtensibilityGlobals) = postSolution
		SolutionGuid = {FDBBA322-5D35-4261-AB65-0AACE82DACE6}
	EndGlobalSection
EndGlobal
